// !$*UTF8*$!
{
	archiveVersion = 1;
	classes = {
	};
	objectVersion = 55;
	objects = {

/* Begin PBXBuildFile section */
		7424DF4528AC37EA00AD80A5 /* CityNameData.swift in Sources */ = {isa = PBXBuildFile; fileRef = 7424DF4428AC37EA00AD80A5 /* CityNameData.swift */; };
		746804B528A26E5B004F97FE /* BottomFieldView.swift in Sources */ = {isa = PBXBuildFile; fileRef = 746804B428A26E5B004F97FE /* BottomFieldView.swift */; };
		746804B728A3C492004F97FE /* DailyWheatherData.swift in Sources */ = {isa = PBXBuildFile; fileRef = 746804B628A3C492004F97FE /* DailyWheatherData.swift */; };
		746804B928A4F9B4004F97FE /* AdsView.swift in Sources */ = {isa = PBXBuildFile; fileRef = 746804B828A4F9B4004F97FE /* AdsView.swift */; };
		748DB825288831DE008E7F93 /* WhethApp_App.swift in Sources */ = {isa = PBXBuildFile; fileRef = 748DB824288831DE008E7F93 /* WhethApp_App.swift */; };
		748DB827288831DE008E7F93 /* ContentView.swift in Sources */ = {isa = PBXBuildFile; fileRef = 748DB826288831DE008E7F93 /* ContentView.swift */; };
		748DB829288831E6008E7F93 /* Assets.xcassets in Resources */ = {isa = PBXBuildFile; fileRef = 748DB828288831E6008E7F93 /* Assets.xcassets */; };
		748DB82C288831E6008E7F93 /* Preview Assets.xcassets in Resources */ = {isa = PBXBuildFile; fileRef = 748DB82B288831E6008E7F93 /* Preview Assets.xcassets */; };
		748DB835288F4282008E7F93 /* NetworkWheatherData.swift in Sources */ = {isa = PBXBuildFile; fileRef = 748DB834288F4282008E7F93 /* NetworkWheatherData.swift */; };
		748DB838288FDCA2008E7F93 /* WeatherService.swift in Sources */ = {isa = PBXBuildFile; fileRef = 748DB837288FDCA2008E7F93 /* WeatherService.swift */; };
		748DB83A289090F9008E7F93 /* CurrentWheatherData.swift in Sources */ = {isa = PBXBuildFile; fileRef = 748DB839289090F9008E7F93 /* CurrentWheatherData.swift */; };
		748DB8402892A598008E7F93 /* GeolocationViewModel.swift in Sources */ = {isa = PBXBuildFile; fileRef = 748DB83F2892A598008E7F93 /* GeolocationViewModel.swift */; };
		748DB84A2897ECF6008E7F93 /* WheatherView.swift in Sources */ = {isa = PBXBuildFile; fileRef = 748DB8492897ECF6008E7F93 /* WheatherView.swift */; };
		74E8343A28992806004001D8 /* DailyForecastView.swift in Sources */ = {isa = PBXBuildFile; fileRef = 74E8343928992806004001D8 /* DailyForecastView.swift */; };
		74E8343E289AA6BB004001D8 /* CitySearchView.swift in Sources */ = {isa = PBXBuildFile; fileRef = 74E8343D289AA6BB004001D8 /* CitySearchView.swift */; };
		74E83440289AAA56004001D8 /* CityAndTempView.swift in Sources */ = {isa = PBXBuildFile; fileRef = 74E8343F289AAA56004001D8 /* CityAndTempView.swift */; };
		74E83446289CFA0E004001D8 /* WeatherDescriptionView.swift in Sources */ = {isa = PBXBuildFile; fileRef = 74E83445289CFA0E004001D8 /* WeatherDescriptionView.swift */; };
		74E83448289D2E12004001D8 /* CityCoordinates.swift in Sources */ = {isa = PBXBuildFile; fileRef = 74E83447289D2E12004001D8 /* CityCoordinates.swift */; };
/* End PBXBuildFile section */

/* Begin PBXFileReference section */
		7424DF4428AC37EA00AD80A5 /* CityNameData.swift */ = {isa = PBXFileReference; lastKnownFileType = sourcecode.swift; path = CityNameData.swift; sourceTree = "<group>"; };
		746804B428A26E5B004F97FE /* BottomFieldView.swift */ = {isa = PBXFileReference; lastKnownFileType = sourcecode.swift; path = BottomFieldView.swift; sourceTree = "<group>"; };
		746804B628A3C492004F97FE /* DailyWheatherData.swift */ = {isa = PBXFileReference; lastKnownFileType = sourcecode.swift; path = DailyWheatherData.swift; sourceTree = "<group>"; };
		746804B828A4F9B4004F97FE /* AdsView.swift */ = {isa = PBXFileReference; lastKnownFileType = sourcecode.swift; path = AdsView.swift; sourceTree = "<group>"; };
		748DB821288831DE008E7F93 /* WhethApp?.app */ = {isa = PBXFileReference; explicitFileType = wrapper.application; includeInIndex = 0; path = "WhethApp?.app"; sourceTree = BUILT_PRODUCTS_DIR; };
		748DB824288831DE008E7F93 /* WhethApp_App.swift */ = {isa = PBXFileReference; lastKnownFileType = sourcecode.swift; path = WhethApp_App.swift; sourceTree = "<group>"; };
		748DB826288831DE008E7F93 /* ContentView.swift */ = {isa = PBXFileReference; lastKnownFileType = sourcecode.swift; path = ContentView.swift; sourceTree = "<group>"; };
		748DB828288831E6008E7F93 /* Assets.xcassets */ = {isa = PBXFileReference; lastKnownFileType = folder.assetcatalog; path = Assets.xcassets; sourceTree = "<group>"; };
		748DB82B288831E6008E7F93 /* Preview Assets.xcassets */ = {isa = PBXFileReference; lastKnownFileType = folder.assetcatalog; path = "Preview Assets.xcassets"; sourceTree = "<group>"; };
		748DB834288F4282008E7F93 /* NetworkWheatherData.swift */ = {isa = PBXFileReference; lastKnownFileType = sourcecode.swift; path = NetworkWheatherData.swift; sourceTree = "<group>"; };
		748DB837288FDCA2008E7F93 /* WeatherService.swift */ = {isa = PBXFileReference; lastKnownFileType = sourcecode.swift; path = WeatherService.swift; sourceTree = "<group>"; };
		748DB839289090F9008E7F93 /* CurrentWheatherData.swift */ = {isa = PBXFileReference; lastKnownFileType = sourcecode.swift; path = CurrentWheatherData.swift; sourceTree = "<group>"; };
		748DB83D28929CF2008E7F93 /* WhethApp--Info.plist */ = {isa = PBXFileReference; lastKnownFileType = text.plist; path = "WhethApp--Info.plist"; sourceTree = SOURCE_ROOT; };
		748DB83F2892A598008E7F93 /* GeolocationViewModel.swift */ = {isa = PBXFileReference; lastKnownFileType = sourcecode.swift; path = GeolocationViewModel.swift; sourceTree = "<group>"; };
		748DB8492897ECF6008E7F93 /* WheatherView.swift */ = {isa = PBXFileReference; lastKnownFileType = sourcecode.swift; path = WheatherView.swift; sourceTree = "<group>"; };
		74E8343928992806004001D8 /* DailyForecastView.swift */ = {isa = PBXFileReference; lastKnownFileType = sourcecode.swift; path = DailyForecastView.swift; sourceTree = "<group>"; };
		74E8343D289AA6BB004001D8 /* CitySearchView.swift */ = {isa = PBXFileReference; lastKnownFileType = sourcecode.swift; path = CitySearchView.swift; sourceTree = "<group>"; };
		74E8343F289AAA56004001D8 /* CityAndTempView.swift */ = {isa = PBXFileReference; lastKnownFileType = sourcecode.swift; path = CityAndTempView.swift; sourceTree = "<group>"; };
		74E83445289CFA0E004001D8 /* WeatherDescriptionView.swift */ = {isa = PBXFileReference; lastKnownFileType = sourcecode.swift; path = WeatherDescriptionView.swift; sourceTree = "<group>"; };
		74E83447289D2E12004001D8 /* CityCoordinates.swift */ = {isa = PBXFileReference; lastKnownFileType = sourcecode.swift; path = CityCoordinates.swift; sourceTree = "<group>"; };
/* End PBXFileReference section */

/* Begin PBXFrameworksBuildPhase section */
		748DB81E288831DE008E7F93 /* Frameworks */ = {
			isa = PBXFrameworksBuildPhase;
			buildActionMask = 2147483647;
			files = (
			);
			runOnlyForDeploymentPostprocessing = 0;
		};
/* End PBXFrameworksBuildPhase section */

/* Begin PBXGroup section */
		748DB818288831DE008E7F93 = {
			isa = PBXGroup;
			children = (
				748DB83E2892A56C008E7F93 /* Delegates */,
				748DB823288831DE008E7F93 /* WhethApp? */,
				748DB822288831DE008E7F93 /* Products */,
			);
			sourceTree = "<group>";
		};
		748DB822288831DE008E7F93 /* Products */ = {
			isa = PBXGroup;
			children = (
				748DB821288831DE008E7F93 /* WhethApp?.app */,
			);
			name = Products;
			sourceTree = "<group>";
		};
		748DB823288831DE008E7F93 /* WhethApp? */ = {
			isa = PBXGroup;
			children = (
				748DB83D28929CF2008E7F93 /* WhethApp--Info.plist */,
				748DB836288FDC88008E7F93 /* ViewModels */,
				748DB833288F426C008E7F93 /* Models */,
				748DB832288F403C008E7F93 /* Views */,
				748DB824288831DE008E7F93 /* WhethApp_App.swift */,
				748DB828288831E6008E7F93 /* Assets.xcassets */,
				748DB82A288831E6008E7F93 /* Preview Content */,
			);
			path = "WhethApp?";
			sourceTree = "<group>";
		};
		748DB82A288831E6008E7F93 /* Preview Content */ = {
			isa = PBXGroup;
			children = (
				748DB82B288831E6008E7F93 /* Preview Assets.xcassets */,
			);
			path = "Preview Content";
			sourceTree = "<group>";
		};
		748DB832288F403C008E7F93 /* Views */ = {
			isa = PBXGroup;
			children = (
				746804B828A4F9B4004F97FE /* AdsView.swift */,
				746804B428A26E5B004F97FE /* BottomFieldView.swift */,
				74E8343D289AA6BB004001D8 /* CitySearchView.swift */,
				74E8343F289AAA56004001D8 /* CityAndTempView.swift */,
				748DB826288831DE008E7F93 /* ContentView.swift */,
				74E8343928992806004001D8 /* DailyForecastView.swift */,
				74E83445289CFA0E004001D8 /* WeatherDescriptionView.swift */,
				748DB8492897ECF6008E7F93 /* WheatherView.swift */,
			);
			path = Views;
			sourceTree = "<group>";
		};
		748DB833288F426C008E7F93 /* Models */ = {
			isa = PBXGroup;
			children = (
				746804B628A3C492004F97FE /* DailyWheatherData.swift */,
				74E83447289D2E12004001D8 /* CityCoordinates.swift */,
				748DB839289090F9008E7F93 /* CurrentWheatherData.swift */,
				748DB834288F4282008E7F93 /* NetworkWheatherData.swift */,
				7424DF4428AC37EA00AD80A5 /* CityNameData.swift */,
			);
			path = Models;
			sourceTree = "<group>";
		};
		748DB836288FDC88008E7F93 /* ViewModels */ = {
			isa = PBXGroup;
			children = (
				748DB837288FDCA2008E7F93 /* WeatherService.swift */,
				748DB83F2892A598008E7F93 /* GeolocationViewModel.swift */,
			);
			path = ViewModels;
			sourceTree = "<group>";
		};
		748DB83E2892A56C008E7F93 /* Delegates */ = {
			isa = PBXGroup;
			children = (
			);
			path = Delegates;
			sourceTree = "<group>";
		};
/* End PBXGroup section */

/* Begin PBXNativeTarget section */
		748DB820288831DE008E7F93 /* WhethApp? */ = {
			isa = PBXNativeTarget;
			buildConfigurationList = 748DB82F288831E6008E7F93 /* Build configuration list for PBXNativeTarget "WhethApp?" */;
			buildPhases = (
				748DB81D288831DE008E7F93 /* Sources */,
				748DB81E288831DE008E7F93 /* Frameworks */,
				748DB81F288831DE008E7F93 /* Resources */,
			);
			buildRules = (
			);
			dependencies = (
			);
			name = "WhethApp?";
			productName = "WhethApp?";
			productReference = 748DB821288831DE008E7F93 /* WhethApp?.app */;
			productType = "com.apple.product-type.application";
		};
/* End PBXNativeTarget section */

/* Begin PBXProject section */
		748DB819288831DE008E7F93 /* Project object */ = {
			isa = PBXProject;
			attributes = {
				BuildIndependentTargetsInParallel = 1;
				LastSwiftUpdateCheck = 1340;
				LastUpgradeCheck = 1340;
				TargetAttributes = {
					748DB820288831DE008E7F93 = {
						CreatedOnToolsVersion = 13.4;
					};
				};
			};
			buildConfigurationList = 748DB81C288831DE008E7F93 /* Build configuration list for PBXProject "WhethApp?" */;
			compatibilityVersion = "Xcode 13.0";
			developmentRegion = en;
			hasScannedForEncodings = 0;
			knownRegions = (
				en,
				Base,
			);
			mainGroup = 748DB818288831DE008E7F93;
			productRefGroup = 748DB822288831DE008E7F93 /* Products */;
			projectDirPath = "";
			projectRoot = "";
			targets = (
				748DB820288831DE008E7F93 /* WhethApp? */,
			);
		};
/* End PBXProject section */

/* Begin PBXResourcesBuildPhase section */
		748DB81F288831DE008E7F93 /* Resources */ = {
			isa = PBXResourcesBuildPhase;
			buildActionMask = 2147483647;
			files = (
				748DB82C288831E6008E7F93 /* Preview Assets.xcassets in Resources */,
				748DB829288831E6008E7F93 /* Assets.xcassets in Resources */,
			);
			runOnlyForDeploymentPostprocessing = 0;
		};
/* End PBXResourcesBuildPhase section */

/* Begin PBXSourcesBuildPhase section */
		748DB81D288831DE008E7F93 /* Sources */ = {
			isa = PBXSourcesBuildPhase;
			buildActionMask = 2147483647;
			files = (
				748DB838288FDCA2008E7F93 /* WeatherService.swift in Sources */,
				748DB84A2897ECF6008E7F93 /* WheatherView.swift in Sources */,
				746804B728A3C492004F97FE /* DailyWheatherData.swift in Sources */,
				74E83446289CFA0E004001D8 /* WeatherDescriptionView.swift in Sources */,
				74E83448289D2E12004001D8 /* CityCoordinates.swift in Sources */,
				748DB83A289090F9008E7F93 /* CurrentWheatherData.swift in Sources */,
				7424DF4528AC37EA00AD80A5 /* CityNameData.swift in Sources */,
				74E8343A28992806004001D8 /* DailyForecastView.swift in Sources */,
				74E83440289AAA56004001D8 /* CityAndTempView.swift in Sources */,
				746804B928A4F9B4004F97FE /* AdsView.swift in Sources */,
				748DB8402892A598008E7F93 /* GeolocationViewModel.swift in Sources */,
				746804B528A26E5B004F97FE /* BottomFieldView.swift in Sources */,
				74E8343E289AA6BB004001D8 /* CitySearchView.swift in Sources */,
				748DB827288831DE008E7F93 /* ContentView.swift in Sources */,
				748DB835288F4282008E7F93 /* NetworkWheatherData.swift in Sources */,
				748DB825288831DE008E7F93 /* WhethApp_App.swift in Sources */,
			);
			runOnlyForDeploymentPostprocessing = 0;
		};
/* End PBXSourcesBuildPhase section */

/* Begin XCBuildConfiguration section */
		748DB82D288831E6008E7F93 /* Debug */ = {
			isa = XCBuildConfiguration;
			buildSettings = {
				ALWAYS_SEARCH_USER_PATHS = NO;
				CLANG_ANALYZER_NONNULL = YES;
				CLANG_ANALYZER_NUMBER_OBJECT_CONVERSION = YES_AGGRESSIVE;
				CLANG_CXX_LANGUAGE_STANDARD = "gnu++17";
				CLANG_ENABLE_MODULES = YES;
				CLANG_ENABLE_OBJC_ARC = YES;
				CLANG_ENABLE_OBJC_WEAK = YES;
				CLANG_WARN_BLOCK_CAPTURE_AUTORELEASING = YES;
				CLANG_WARN_BOOL_CONVERSION = YES;
				CLANG_WARN_COMMA = YES;
				CLANG_WARN_CONSTANT_CONVERSION = YES;
				CLANG_WARN_DEPRECATED_OBJC_IMPLEMENTATIONS = YES;
				CLANG_WARN_DIRECT_OBJC_ISA_USAGE = YES_ERROR;
				CLANG_WARN_DOCUMENTATION_COMMENTS = YES;
				CLANG_WARN_EMPTY_BODY = YES;
				CLANG_WARN_ENUM_CONVERSION = YES;
				CLANG_WARN_INFINITE_RECURSION = YES;
				CLANG_WARN_INT_CONVERSION = YES;
				CLANG_WARN_NON_LITERAL_NULL_CONVERSION = YES;
				CLANG_WARN_OBJC_IMPLICIT_RETAIN_SELF = YES;
				CLANG_WARN_OBJC_LITERAL_CONVERSION = YES;
				CLANG_WARN_OBJC_ROOT_CLASS = YES_ERROR;
				CLANG_WARN_QUOTED_INCLUDE_IN_FRAMEWORK_HEADER = YES;
				CLANG_WARN_RANGE_LOOP_ANALYSIS = YES;
				CLANG_WARN_STRICT_PROTOTYPES = YES;
				CLANG_WARN_SUSPICIOUS_MOVE = YES;
				CLANG_WARN_UNGUARDED_AVAILABILITY = YES_AGGRESSIVE;
				CLANG_WARN_UNREACHABLE_CODE = YES;
				CLANG_WARN__DUPLICATE_METHOD_MATCH = YES;
				COPY_PHASE_STRIP = NO;
				DEBUG_INFORMATION_FORMAT = dwarf;
				ENABLE_STRICT_OBJC_MSGSEND = YES;
				ENABLE_TESTABILITY = YES;
				GCC_C_LANGUAGE_STANDARD = gnu11;
				GCC_DYNAMIC_NO_PIC = NO;
				GCC_NO_COMMON_BLOCKS = YES;
				GCC_OPTIMIZATION_LEVEL = 0;
				GCC_PREPROCESSOR_DEFINITIONS = (
					"DEBUG=1",
					"$(inherited)",
				);
				GCC_WARN_64_TO_32_BIT_CONVERSION = YES;
				GCC_WARN_ABOUT_RETURN_TYPE = YES_ERROR;
				GCC_WARN_UNDECLARED_SELECTOR = YES;
				GCC_WARN_UNINITIALIZED_AUTOS = YES_AGGRESSIVE;
				GCC_WARN_UNUSED_FUNCTION = YES;
				GCC_WARN_UNUSED_VARIABLE = YES;
				IPHONEOS_DEPLOYMENT_TARGET = 15.5;
				MTL_ENABLE_DEBUG_INFO = INCLUDE_SOURCE;
				MTL_FAST_MATH = YES;
				ONLY_ACTIVE_ARCH = YES;
				SDKROOT = iphoneos;
				SWIFT_ACTIVE_COMPILATION_CONDITIONS = DEBUG;
				SWIFT_OPTIMIZATION_LEVEL = "-Onone";
			};
			name = Debug;
		};
		748DB82E288831E6008E7F93 /* Release */ = {
			isa = XCBuildConfiguration;
			buildSettings = {
				ALWAYS_SEARCH_USER_PATHS = NO;
				CLANG_ANALYZER_NONNULL = YES;
				CLANG_ANALYZER_NUMBER_OBJECT_CONVERSION = YES_AGGRESSIVE;
				CLANG_CXX_LANGUAGE_STANDARD = "gnu++17";
				CLANG_ENABLE_MODULES = YES;
				CLANG_ENABLE_OBJC_ARC = YES;
				CLANG_ENABLE_OBJC_WEAK = YES;
				CLANG_WARN_BLOCK_CAPTURE_AUTORELEASING = YES;
				CLANG_WARN_BOOL_CONVERSION = YES;
				CLANG_WARN_COMMA = YES;
				CLANG_WARN_CONSTANT_CONVERSION = YES;
				CLANG_WARN_DEPRECATED_OBJC_IMPLEMENTATIONS = YES;
				CLANG_WARN_DIRECT_OBJC_ISA_USAGE = YES_ERROR;
				CLANG_WARN_DOCUMENTATION_COMMENTS = YES;
				CLANG_WARN_EMPTY_BODY = YES;
				CLANG_WARN_ENUM_CONVERSION = YES;
				CLANG_WARN_INFINITE_RECURSION = YES;
				CLANG_WARN_INT_CONVERSION = YES;
				CLANG_WARN_NON_LITERAL_NULL_CONVERSION = YES;
				CLANG_WARN_OBJC_IMPLICIT_RETAIN_SELF = YES;
				CLANG_WARN_OBJC_LITERAL_CONVERSION = YES;
				CLANG_WARN_OBJC_ROOT_CLASS = YES_ERROR;
				CLANG_WARN_QUOTED_INCLUDE_IN_FRAMEWORK_HEADER = YES;
				CLANG_WARN_RANGE_LOOP_ANALYSIS = YES;
				CLANG_WARN_STRICT_PROTOTYPES = YES;
				CLANG_WARN_SUSPICIOUS_MOVE = YES;
				CLANG_WARN_UNGUARDED_AVAILABILITY = YES_AGGRESSIVE;
				CLANG_WARN_UNREACHABLE_CODE = YES;
				CLANG_WARN__DUPLICATE_METHOD_MATCH = YES;
				COPY_PHASE_STRIP = NO;
				DEBUG_INFORMATION_FORMAT = "dwarf-with-dsym";
				ENABLE_NS_ASSERTIONS = NO;
				ENABLE_STRICT_OBJC_MSGSEND = YES;
				GCC_C_LANGUAGE_STANDARD = gnu11;
				GCC_NO_COMMON_BLOCKS = YES;
				GCC_WARN_64_TO_32_BIT_CONVERSION = YES;
				GCC_WARN_ABOUT_RETURN_TYPE = YES_ERROR;
				GCC_WARN_UNDECLARED_SELECTOR = YES;
				GCC_WARN_UNINITIALIZED_AUTOS = YES_AGGRESSIVE;
				GCC_WARN_UNUSED_FUNCTION = YES;
				GCC_WARN_UNUSED_VARIABLE = YES;
				IPHONEOS_DEPLOYMENT_TARGET = 15.5;
				MTL_ENABLE_DEBUG_INFO = NO;
				MTL_FAST_MATH = YES;
				SDKROOT = iphoneos;
				SWIFT_COMPILATION_MODE = wholemodule;
				SWIFT_OPTIMIZATION_LEVEL = "-O";
				VALIDATE_PRODUCT = YES;
			};
			name = Release;
		};
		748DB830288831E6008E7F93 /* Debug */ = {
			isa = XCBuildConfiguration;
			buildSettings = {
				ASSETCATALOG_COMPILER_APPICON_NAME = AppIcon;
				ASSETCATALOG_COMPILER_GLOBAL_ACCENT_COLOR_NAME = AccentColor;
				CODE_SIGN_STYLE = Automatic;
				CURRENT_PROJECT_VERSION = 1;
				DEVELOPMENT_ASSET_PATHS = "\"WhethApp?/Preview Content\"";
				DEVELOPMENT_TEAM = Q7PZRD2LZ9;
				ENABLE_PREVIEWS = YES;
				GENERATE_INFOPLIST_FILE = YES;
				INFOPLIST_FILE = "WhethApp--Info.plist";
				INFOPLIST_KEY_NSLocationAlwaysAndWhenInUseUsageDescription = "Need location to use the app";
				INFOPLIST_KEY_NSLocationWhenInUseUsageDescription = "Need to use the app as well";
				INFOPLIST_KEY_UIApplicationSceneManifest_Generation = YES;
				INFOPLIST_KEY_UIApplicationSupportsIndirectInputEvents = YES;
				INFOPLIST_KEY_UILaunchScreen_Generation = YES;
				INFOPLIST_KEY_UISupportedInterfaceOrientations_iPad = "UIInterfaceOrientationPortrait UIInterfaceOrientationPortraitUpsideDown UIInterfaceOrientationLandscapeLeft UIInterfaceOrientationLandscapeRight";
				INFOPLIST_KEY_UISupportedInterfaceOrientations_iPhone = "UIInterfaceOrientationPortrait UIInterfaceOrientationLandscapeLeft UIInterfaceOrientationLandscapeRight";
				LD_RUNPATH_SEARCH_PATHS = (
					"$(inherited)",
					"@executable_path/Frameworks",
				);
				MARKETING_VERSION = 1.0;
				PRODUCT_BUNDLE_IDENTIFIER = "egor.WhethApp-";
				PRODUCT_NAME = "$(TARGET_NAME)";
				SWIFT_EMIT_LOC_STRINGS = YES;
				SWIFT_VERSION = 5.0;
				TARGETED_DEVICE_FAMILY = "1,2";
			};
			name = Debug;
		};
		748DB831288831E6008E7F93 /* Release */ = {
			isa = XCBuildConfiguration;
			buildSettings = {
				ASSETCATALOG_COMPILER_APPICON_NAME = AppIcon;
				ASSETCATALOG_COMPILER_GLOBAL_ACCENT_COLOR_NAME = AccentColor;
				CODE_SIGN_STYLE = Automatic;
				CURRENT_PROJECT_VERSION = 1;
				DEVELOPMENT_ASSET_PATHS = "\"WhethApp?/Preview Content\"";
				DEVELOPMENT_TEAM = Q7PZRD2LZ9;
				ENABLE_PREVIEWS = YES;
				GENERATE_INFOPLIST_FILE = YES;
				INFOPLIST_FILE = "WhethApp--Info.plist";
				INFOPLIST_KEY_NSLocationAlwaysAndWhenInUseUsageDescription = "Need location to use the app";
				INFOPLIST_KEY_NSLocationWhenInUseUsageDescription = "Need to use the app as well";
				INFOPLIST_KEY_UIApplicationSceneManifest_Generation = YES;
				INFOPLIST_KEY_UIApplicationSupportsIndirectInputEvents = YES;
				INFOPLIST_KEY_UILaunchScreen_Generation = YES;
				INFOPLIST_KEY_UISupportedInterfaceOrientations_iPad = "UIInterfaceOrientationPortrait UIInterfaceOrientationPortraitUpsideDown UIInterfaceOrientationLandscapeLeft UIInterfaceOrientationLandscapeRight";
				INFOPLIST_KEY_UISupportedInterfaceOrientations_iPhone = "UIInterfaceOrientationPortrait UIInterfaceOrientationLandscapeLeft UIInterfaceOrientationLandscapeRight";
				LD_RUNPATH_SEARCH_PATHS = (
					"$(inherited)",
					"@executable_path/Frameworks",
				);
				MARKETING_VERSION = 1.0;
				PRODUCT_BUNDLE_IDENTIFIER = "egor.WhethApp-";
				PRODUCT_NAME = "$(TARGET_NAME)";
				SWIFT_EMIT_LOC_STRINGS = YES;
				SWIFT_VERSION = 5.0;
				TARGETED_DEVICE_FAMILY = "1,2";
			};
			name = Release;
		};
/* End XCBuildConfiguration section */

/* Begin XCConfigurationList section */
		748DB81C288831DE008E7F93 /* Build configuration list for PBXProject "WhethApp?" */ = {
			isa = XCConfigurationList;
			buildConfigurations = (
				748DB82D288831E6008E7F93 /* Debug */,
				748DB82E288831E6008E7F93 /* Release */,
			);
			defaultConfigurationIsVisible = 0;
			defaultConfigurationName = Release;
		};
		748DB82F288831E6008E7F93 /* Build configuration list for PBXNativeTarget "WhethApp?" */ = {
			isa = XCConfigurationList;
			buildConfigurations = (
				748DB830288831E6008E7F93 /* Debug */,
				748DB831288831E6008E7F93 /* Release */,
			);
			defaultConfigurationIsVisible = 0;
			defaultConfigurationName = Release;
		};
/* End XCConfigurationList section */
	};
	rootObject = 748DB819288831DE008E7F93 /* Project object */;
}
